// !$*UTF8*$!
{
	archiveVersion = 1;
	classes = {
	};
	objectVersion = 46;
	objects = {

/* Begin PBXBuildFile section */
		EEDBA6651E13BC28001BEB78 /* main.m in Sources */ = {isa = PBXBuildFile; fileRef = EEDBA6641E13BC28001BEB78 /* main.m */; };
		EEDBA6681E13BC28001BEB78 /* AppDelegate.m in Sources */ = {isa = PBXBuildFile; fileRef = EEDBA6671E13BC28001BEB78 /* AppDelegate.m */; };
		EEDBA66B1E13BC28001BEB78 /* ViewController.m in Sources */ = {isa = PBXBuildFile; fileRef = EEDBA66A1E13BC28001BEB78 /* ViewController.m */; };
		EEDBA66E1E13BC28001BEB78 /* Main.storyboard in Resources */ = {isa = PBXBuildFile; fileRef = EEDBA66C1E13BC28001BEB78 /* Main.storyboard */; };
		EEDBA6701E13BC28001BEB78 /* Assets.xcassets in Resources */ = {isa = PBXBuildFile; fileRef = EEDBA66F1E13BC28001BEB78 /* Assets.xcassets */; };
		EEDBA6731E13BC28001BEB78 /* LaunchScreen.storyboard in Resources */ = {isa = PBXBuildFile; fileRef = EEDBA6711E13BC28001BEB78 /* LaunchScreen.storyboard */; };
/* End PBXBuildFile section */

/* Begin PBXFileReference section */
		EEDBA6601E13BC28001BEB78 /* Test.app */ = {isa = PBXFileReference; explicitFileType = wrapper.application; includeInIndex = 0; path = Test.app; sourceTree = BUILT_PRODUCTS_DIR; };
		EEDBA6641E13BC28001BEB78 /* main.m */ = {isa = PBXFileReference; lastKnownFileType = sourcecode.c.objc; path = main.m; sourceTree = "<group>"; };
		EEDBA6661E13BC28001BEB78 /* AppDelegate.h */ = {isa = PBXFileReference; lastKnownFileType = sourcecode.c.h; path = AppDelegate.h; sourceTree = "<group>"; };
		EEDBA6671E13BC28001BEB78 /* AppDelegate.m */ = {isa = PBXFileReference; lastKnownFileType = sourcecode.c.objc; path = AppDelegate.m; sourceTree = "<group>"; };
		EEDBA6691E13BC28001BEB78 /* ViewController.h */ = {isa = PBXFileReference; lastKnownFileType = sourcecode.c.h; path = ViewController.h; sourceTree = "<group>"; };
		EEDBA66A1E13BC28001BEB78 /* ViewController.m */ = {isa = PBXFileReference; lastKnownFileType = sourcecode.c.objc; path = ViewController.m; sourceTree = "<group>"; };
		EEDBA66D1E13BC28001BEB78 /* Base */ = {isa = PBXFileReference; lastKnownFileType = file.storyboard; name = Base; path = Base.lproj/Main.storyboard; sourceTree = "<group>"; };
		EEDBA66F1E13BC28001BEB78 /* Assets.xcassets */ = {isa = PBXFileReference; lastKnownFileType = folder.assetcatalog; path = Assets.xcassets; sourceTree = "<group>"; };
		EEDBA6721E13BC28001BEB78 /* Base */ = {isa = PBXFileReference; lastKnownFileType = file.storyboard; name = Base; path = Base.lproj/LaunchScreen.storyboard; sourceTree = "<group>"; };
		EEDBA6741E13BC28001BEB78 /* Info.plist */ = {isa = PBXFileReference; lastKnownFileType = text.plist.xml; path = Info.plist; sourceTree = "<group>"; };
/* End PBXFileReference section */

/* Begin PBXFrameworksBuildPhase section */
		EEDBA65D1E13BC28001BEB78 /* Frameworks */ = {
			isa = PBXFrameworksBuildPhase;
			buildActionMask = 2147483647;
			files = (
			);
			runOnlyForDeploymentPostprocessing = 0;
		};
/* End PBXFrameworksBuildPhase section */

/* Begin PBXGroup section */
		EEDBA6571E13BC28001BEB78 = {
			isa = PBXGroup;
			children = (
				EEDBA6621E13BC28001BEB78 /* Test */,
				EEDBA6611E13BC28001BEB78 /* Products */,
			);
			sourceTree = "<group>";
		};
		EEDBA6611E13BC28001BEB78 /* Products */ = {
			isa = PBXGroup;
			children = (
				EEDBA6601E13BC28001BEB78 /* Test.app */,
			);
			name = Products;
			sourceTree = "<group>";
		};
		EEDBA6621E13BC28001BEB78 /* Test */ = {
			isa = PBXGroup;
			children = (
				EEDBA6661E13BC28001BEB78 /* AppDelegate.h */,
				EEDBA6671E13BC28001BEB78 /* AppDelegate.m */,
				EEDBA6691E13BC28001BEB78 /* ViewController.h */,
				EEDBA66A1E13BC28001BEB78 /* ViewController.m */,
				EEDBA66C1E13BC28001BEB78 /* Main.storyboard */,
				EEDBA66F1E13BC28001BEB78 /* Assets.xcassets */,
				EEDBA6711E13BC28001BEB78 /* LaunchScreen.storyboard */,
				EEDBA6741E13BC28001BEB78 /* Info.plist */,
				EEDBA6631E13BC28001BEB78 /* Supporting Files */,
			);
			path = Test;
			sourceTree = "<group>";
		};
		EEDBA6631E13BC28001BEB78 /* Supporting Files */ = {
			isa = PBXGroup;
			children = (
				EEDBA6641E13BC28001BEB78 /* main.m */,
			);
			name = "Supporting Files";
			sourceTree = "<group>";
		};
/* End PBXGroup section */

/* Begin PBXNativeTarget section */
		EEDBA65F1E13BC28001BEB78 /* Test */ = {
			isa = PBXNativeTarget;
			buildConfigurationList = EEDBA6771E13BC28001BEB78 /* Build configuration list for PBXNativeTarget "Test" */;
			buildPhases = (
				EEDBA65C1E13BC28001BEB78 /* Sources */,
				EEDBA65D1E13BC28001BEB78 /* Frameworks */,
				EEDBA65E1E13BC28001BEB78 /* Resources */,
			);
			buildRules = (
			);
			dependencies = (
			);
			name = Test;
			productName = Test;
			productReference = EEDBA6601E13BC28001BEB78 /* Test.app */;
			productType = "com.apple.product-type.application";
		};
/* End PBXNativeTarget section */

/* Begin PBXProject section */
		EEDBA6581E13BC28001BEB78 /* Project object */ = {
			isa = PBXProject;
			attributes = {
				LastUpgradeCheck = 0800;
				ORGANIZATIONNAME = "Madhan Masilamani";
				TargetAttributes = {
					EEDBA65F1E13BC28001BEB78 = {
						CreatedOnToolsVersion = 8.0;
						DevelopmentTeam = Y3Z59PXQMQ;
						ProvisioningStyle = Automatic;
					};
				};
			};
			buildConfigurationList = EEDBA65B1E13BC28001BEB78 /* Build configuration list for PBXProject "Test" */;
			compatibilityVersion = "Xcode 3.2";
			developmentRegion = English;
			hasScannedForEncodings = 0;
			knownRegions = (
				en,
				Base,
			);
			mainGroup = EEDBA6571E13BC28001BEB78;
			productRefGroup = EEDBA6611E13BC28001BEB78 /* Products */;
			projectDirPath = "";
			projectRoot = "";
			targets = (
				EEDBA65F1E13BC28001BEB78 /* Test */,
			);
		};
/* End PBXProject section */

/* Begin PBXResourcesBuildPhase section */
		EEDBA65E1E13BC28001BEB78 /* Resources */ = {
			isa = PBXResourcesBuildPhase;
			buildActionMask = 2147483647;
			files = (
				EEDBA6731E13BC28001BEB78 /* LaunchScreen.storyboard in Resources */,
				EEDBA6701E13BC28001BEB78 /* Assets.xcassets in Resources */,
				EEDBA66E1E13BC28001BEB78 /* Main.storyboard in Resources */,
			);
			runOnlyForDeploymentPostprocessing = 0;
		};
/* End PBXResourcesBuildPhase section */

/* Begin PBXSourcesBuildPhase section */
		EEDBA65C1E13BC28001BEB78 /* Sources */ = {
			isa = PBXSourcesBuildPhase;
			buildActionMask = 2147483647;
			files = (
				EEDBA66B1E13BC28001BEB78 /* ViewController.m in Sources */,
				EEDBA6681E13BC28001BEB78 /* AppDelegate.m in Sources */,
				EEDBA6651E13BC28001BEB78 /* main.m in Sources */,
			);
			runOnlyForDeploymentPostprocessing = 0;
		};
/* End PBXSourcesBuildPhase section */

/* Begin PBXVariantGroup section */
		EEDBA66C1E13BC28001BEB78 /* Main.storyboard */ = {
			isa = PBXVariantGroup;
			children = (
				EEDBA66D1E13BC28001BEB78 /* Base */,
			);
			name = Main.storyboard;
			sourceTree = "<group>";
		};
		EEDBA6711E13BC28001BEB78 /* LaunchScreen.storyboard */ = {
			isa = PBXVariantGroup;
			children = (
				EEDBA6721E13BC28001BEB78 /* Base */,
			);
			name = LaunchScreen.storyboard;
			sourceTree = "<group>";
		};
/* End PBXVariantGroup section */

/* Begin XCBuildConfiguration section */
		EEDBA6751E13BC28001BEB78 /* Debug */ = {
			isa = XCBuildConfiguration;
			buildSettings = {
				ALWAYS_SEARCH_USER_PATHS = NO;
				CLANG_ANALYZER_NONNULL = YES;
				CLANG_CXX_LANGUAGE_STANDARD = "gnu++0x";
				CLANG_CXX_LIBRARY = "libc++";
				CLANG_ENABLE_MODULES = YES;
				CLANG_ENABLE_OBJC_ARC = YES;
				CLANG_WARN_BOOL_CONVERSION = YES;
				CLANG_WARN_CONSTANT_CONVERSION = YES;
				CLANG_WARN_DIRECT_OBJC_ISA_USAGE = YES_ERROR;
				CLANG_WARN_DOCUMENTATION_COMMENTS = YES;
				CLANG_WARN_EMPTY_BODY = YES;
				CLANG_WARN_ENUM_CONVERSION = YES;
				CLANG_WARN_INFINITE_RECURSION = YES;
				CLANG_WARN_INT_CONVERSION = YES;
				CLANG_WARN_OBJC_ROOT_CLASS = YES_ERROR;
				CLANG_WARN_SUSPICIOUS_MOVES = YES;
				CLANG_WARN_UNREACHABLE_CODE = YES;
				CLANG_WARN__DUPLICATE_METHOD_MATCH = YES;
				"CODE_SIGN_IDENTITY[sdk=iphoneos*]" = "iPhone Developer";
				COPY_PHASE_STRIP = NO;
				DEBUG_INFORMATION_FORMAT = dwarf;
				ENABLE_STRICT_OBJC_MSGSEND = YES;
				ENABLE_TESTABILITY = YES;
				GCC_C_LANGUAGE_STANDARD = gnu99;
				GCC_DYNAMIC_NO_PIC = NO;
				GCC_NO_COMMON_BLOCKS = YES;
				GCC_OPTIMIZATION_LEVEL = 0;
				GCC_PREPROCESSOR_DEFINITIONS = (
					"DEBUG=1",
					"$(inherited)",
				);
				GCC_WARN_64_TO_32_BIT_CONVERSION = YES;
				GCC_WARN_ABOUT_RETURN_TYPE = YES_ERROR;
				GCC_WARN_UNDECLARED_SELECTOR = YES;
				GCC_WARN_UNINITIALIZED_AUTOS = YES_AGGRESSIVE;
				GCC_WARN_UNUSED_FUNCTION = YES;
				GCC_WARN_UNUSED_VARIABLE = YES;
				IPHONEOS_DEPLOYMENT_TARGET = 10.0;
				MTL_ENABLE_DEBUG_INFO = YES;
				ONLY_ACTIVE_ARCH = YES;
				SDKROOT = iphoneos;
			};
			name = Debug;
		};
		EEDBA6761E13BC28001BEB78 /* Release */ = {
			isa = XCBuildConfiguration;
			buildSettings = {
				ALWAYS_SEARCH_USER_PATHS = NO;
				CLANG_ANALYZER_NONNULL = YES;
				CLANG_CXX_LANGUAGE_STANDARD = "gnu++0x";
				CLANG_CXX_LIBRARY = "libc++";
				CLANG_ENABLE_MODULES = YES;
				CLANG_ENABLE_OBJC_ARC = YES;
				CLANG_WARN_BOOL_CONVERSION = YES;
				CLANG_WARN_CONSTANT_CONVERSION = YES;
				CLANG_WARN_DIRECT_OBJC_ISA_USAGE = YES_ERROR;
				CLANG_WARN_DOCUMENTATION_COMMENTS = YES;
				CLANG_WARN_EMPTY_BODY = YES;
				CLANG_WARN_ENUM_CONVERSION = YES;
				CLANG_WARN_INFINITE_RECURSION = YES;
				CLANG_WARN_INT_CONVERSION = YES;
				CLANG_WARN_OBJC_ROOT_CLASS = YES_ERROR;
				CLANG_WARN_SUSPICIOUS_MOVES = YES;
				CLANG_WARN_UNREACHABLE_CODE = YES;
				CLANG_WARN__DUPLICATE_METHOD_MATCH = YES;
				"CODE_SIGN_IDENTITY[sdk=iphoneos*]" = "iPhone Developer";
				COPY_PHASE_STRIP = NO;
				DEBUG_INFORMATION_FORMAT = "dwarf-with-dsym";
				ENABLE_NS_ASSERTIONS = NO;
				ENABLE_STRICT_OBJC_MSGSEND = YES;
				GCC_C_LANGUAGE_STANDARD = gnu99;
				GCC_NO_COMMON_BLOCKS = YES;
				GCC_WARN_64_TO_32_BIT_CONVERSION = YES;
				GCC_WARN_ABOUT_RETURN_TYPE = YES_ERROR;
				GCC_WARN_UNDECLARED_SELECTOR = YES;
				GCC_WARN_UNINITIALIZED_AUTOS = YES_AGGRESSIVE;
				GCC_WARN_UNUSED_FUNCTION = YES;
				GCC_WARN_UNUSED_VARIABLE = YES;
				IPHONEOS_DEPLOYMENT_TARGET = 10.0;
				MTL_ENABLE_DEBUG_INFO = NO;
				SDKROOT = iphoneos;
				VALIDATE_PRODUCT = YES;
			};
			name = Release;
		};
		EEDBA6781E13BC28001BEB78 /* Debug */ = {
			isa = XCBuildConfiguration;
			buildSettings = {
				ASSETCATALOG_COMPILER_APPICON_NAME = AppIcon;
				DEVELOPMENT_TEAM = Y3Z59PXQMQ;
				INFOPLIST_FILE = Test/Info.plist;
				LD_RUNPATH_SEARCH_PATHS = "$(inherited) @executable_path/Frameworks";
				PRODUCT_BUNDLE_IDENTIFIER = com.smart.dev.Test;
				PRODUCT_NAME = "$(TARGET_NAME)";
			};
			name = Debug;
		};
		EEDBA6791E13BC28001BEB78 /* Release */ = {
			isa = XCBuildConfiguration;
			buildSettings = {
				ASSETCATALOG_COMPILER_APPICON_NAME = AppIcon;
				DEVELOPMENT_TEAM = Y3Z59PXQMQ;
				INFOPLIST_FILE = Test/Info.plist;
				LD_RUNPATH_SEARCH_PATHS = "$(inherited) @executable_path/Frameworks";
				PRODUCT_BUNDLE_IDENTIFIER = com.smart.dev.Test;
				PRODUCT_NAME = "$(TARGET_NAME)";
			};
			name = Release;
		};
/* End XCBuildConfiguration section */

/* Begin XCConfigurationList section */
		EEDBA65B1E13BC28001BEB78 /* Build configuration list for PBXProject "Test" */ = {
			isa = XCConfigurationList;
			buildConfigurations = (
				EEDBA6751E13BC28001BEB78 /* Debug */,
				EEDBA6761E13BC28001BEB78 /* Release */,
			);
			defaultConfigurationIsVisible = 0;
			defaultConfigurationName = Release;
		};
		EEDBA6771E13BC28001BEB78 /* Build configuration list for PBXNativeTarget "Test" */ = {
			isa = XCConfigurationList;
			buildConfigurations = (
				EEDBA6781E13BC28001BEB78 /* Debug */,
				EEDBA6791E13BC28001BEB78 /* Release */,
			);
			defaultConfigurationIsVisible = 0;
		};
/* End XCConfigurationList section */
	};
	rootObject = EEDBA6581E13BC28001BEB78 /* Project object */;
}
